// !$*UTF8*$!
{
	archiveVersion = 1;
	classes = {
	};
	objectVersion = 77;
	objects = {

/* Begin PBXBuildFile section */
		A10000010000000000000001 /* DashboardCompanionApp.swift in Sources */ = {isa = PBXBuildFile; fileRef = A10000110000000000000001 /* DashboardCompanionApp.swift */; };
		A10000010000000000000002 /* ContentView.swift in Sources */ = {isa = PBXBuildFile; fileRef = A10000110000000000000002 /* ContentView.swift */; };
		A10000010000000000000003 /* DashboardWebView.swift in Sources */ = {isa = PBXBuildFile; fileRef = A10000110000000000000003 /* DashboardWebView.swift */; };
		A10000010000000000000004 /* dashboard.html in Resources */ = {isa = PBXBuildFile; fileRef = A10000110000000000000004 /* dashboard.html */; };
		A10000010000000000000005 /* field.png in Resources */ = {isa = PBXBuildFile; fileRef = A10000110000000000000005 /* field.png */; };
		A10000010000000000000006 /* DashboardViewModel.swift in Sources */ = {isa = PBXBuildFile; fileRef = A10000110000000000000007 /* DashboardViewModel.swift */; };
		A10000010000000000000007 /* NT4Client.swift in Sources */ = {isa = PBXBuildFile; fileRef = A10000110000000000000008 /* NT4Client.swift */; };
		A10000010000000000000008 /* MessagePackDecoder.swift in Sources */ = {isa = PBXBuildFile; fileRef = A10000110000000000000009 /* MessagePackDecoder.swift */; };
/* End PBXBuildFile section */

/* Begin PBXFileReference section */
		A10000110000000000000001 /* DashboardCompanionApp.swift */ = {isa = PBXFileReference; lastKnownFileType = sourcecode.swift; path = DashboardCompanionApp.swift; sourceTree = "<group>"; };
		A10000110000000000000002 /* ContentView.swift */ = {isa = PBXFileReference; lastKnownFileType = sourcecode.swift; path = ContentView.swift; sourceTree = "<group>"; };
		A10000110000000000000003 /* DashboardWebView.swift */ = {isa = PBXFileReference; lastKnownFileType = sourcecode.swift; path = DashboardWebView.swift; sourceTree = "<group>"; };
		A10000110000000000000004 /* dashboard.html */ = {isa = PBXFileReference; lastKnownFileType = text.html; path = dashboard.html; sourceTree = "<group>"; };
		A10000110000000000000005 /* field.png */ = {isa = PBXFileReference; lastKnownFileType = image.png; path = field.png; sourceTree = "<group>"; };
		A10000110000000000000006 /* DashboardCompanion.app */ = {isa = PBXFileReference; explicitFileType = wrapper.application; includeInIndex = 0; path = DashboardCompanion.app; sourceTree = BUILT_PRODUCTS_DIR; };
		A10000110000000000000007 /* DashboardViewModel.swift */ = {isa = PBXFileReference; lastKnownFileType = sourcecode.swift; path = DashboardViewModel.swift; sourceTree = "<group>"; };
		A10000110000000000000008 /* NT4Client.swift */ = {isa = PBXFileReference; lastKnownFileType = sourcecode.swift; path = NT4Client.swift; sourceTree = "<group>"; };
		A10000110000000000000009 /* MessagePackDecoder.swift */ = {isa = PBXFileReference; lastKnownFileType = sourcecode.swift; path = MessagePackDecoder.swift; sourceTree = "<group>"; };
/* End PBXFileReference section */

/* Begin PBXFrameworksBuildPhase section */
		A10000020000000000000001 /* Frameworks */ = {
			isa = PBXFrameworksBuildPhase;
			buildActionMask = 2147483647;
			files = (
			);
			runOnlyForDeploymentPostprocessing = 0;
		};
/* End PBXFrameworksBuildPhase section */

/* Begin PBXGroup section */
		A10000030000000000000001 = {
			isa = PBXGroup;
			children = (
				A10000030000000000000002 /* DashboardCompanion */,
				A10000030000000000000003 /* Products */,
			);
			sourceTree = "<group>";
		};
		A10000030000000000000002 /* DashboardCompanion */ = {
			isa = PBXGroup;
			children = (
				A10000110000000000000001 /* DashboardCompanionApp.swift */,
				A10000110000000000000002 /* ContentView.swift */,
				A10000110000000000000007 /* DashboardViewModel.swift */,
				A10000110000000000000008 /* NT4Client.swift */,
				A10000110000000000000009 /* MessagePackDecoder.swift */,
				A10000110000000000000003 /* DashboardWebView.swift */,
				A10000030000000000000004 /* Resources */,
			);
			path = DashboardCompanion;
			sourceTree = "<group>";
		};
		A10000030000000000000003 /* Products */ = {
			isa = PBXGroup;
			children = (
				A10000110000000000000006 /* DashboardCompanion.app */,
			);
			name = Products;
			sourceTree = "<group>";
		};
		A10000030000000000000004 /* Resources */ = {
			isa = PBXGroup;
			children = (
				A10000110000000000000004 /* dashboard.html */,
				A10000110000000000000005 /* field.png */,
			);
			path = Resources;
			sourceTree = "<group>";
		};
/* End PBXGroup section */

/* Begin PBXNativeTarget section */
		A10000040000000000000001 /* DashboardCompanion */ = {
			isa = PBXNativeTarget;
			buildConfigurationList = A10000080000000000000001 /* Build configuration list for PBXNativeTarget "DashboardCompanion" */;
			buildPhases = (
				A10000050000000000000001 /* Sources */,
				A10000020000000000000001 /* Frameworks */,
				A10000060000000000000001 /* Resources */,
			);
			buildRules = (
			);
			dependencies = (
			);
			name = DashboardCompanion;
			productName = DashboardCompanion;
			productReference = A10000110000000000000006 /* DashboardCompanion.app */;
			productType = "com.apple.product-type.application";
		};
/* End PBXNativeTarget section */

/* Begin PBXProject section */
		A10000070000000000000001 /* Project object */ = {
			isa = PBXProject;
			attributes = {
				BuildIndependentTargetsInParallel = 1;
				LastSwiftUpdateCheck = 2600;
				LastUpgradeCheck = 2600;
				TargetAttributes = {
					A10000040000000000000001 = {
						CreatedOnToolsVersion = 26.4;
					};
				};
			};
			buildConfigurationList = A10000080000000000000002 /* Build configuration list for PBXProject "DashboardCompanion" */;
			developmentRegion = en;
			hasScannedForEncodings = 0;
			knownRegions = (
				en,
				Base,
			);
			mainGroup = A10000030000000000000001;
			minimizedProjectReferenceProxies = 1;
			preferredProjectObjectVersion = 77;
			productRefGroup = A10000030000000000000003 /* Products */;
			projectDirPath = "";
			projectRoot = "";
			targets = (
				A10000040000000000000001 /* DashboardCompanion */,
			);
		};
/* End PBXProject section */

/* Begin PBXResourcesBuildPhase section */
		A10000060000000000000001 /* Resources */ = {
			isa = PBXResourcesBuildPhase;
			buildActionMask = 2147483647;
			files = (
				A10000010000000000000004 /* dashboard.html in Resources */,
				A10000010000000000000005 /* field.png in Resources */,
			);
			runOnlyForDeploymentPostprocessing = 0;
		};
/* End PBXResourcesBuildPhase section */

/* Begin PBXSourcesBuildPhase section */
		A10000050000000000000001 /* Sources */ = {
			isa = PBXSourcesBuildPhase;
			buildActionMask = 2147483647;
			files = (
				A10000010000000000000002 /* ContentView.swift in Sources */,
				A10000010000000000000001 /* DashboardCompanionApp.swift in Sources */,
				A10000010000000000000006 /* DashboardViewModel.swift in Sources */,
				A10000010000000000000007 /* NT4Client.swift in Sources */,
				A10000010000000000000008 /* MessagePackDecoder.swift in Sources */,
				A10000010000000000000003 /* DashboardWebView.swift in Sources */,
			);
			runOnlyForDeploymentPostprocessing = 0;
		};
/* End PBXSourcesBuildPhase section */

/* Begin XCBuildConfiguration section */
		A10000090000000000000001 /* Debug */ = {
			isa = XCBuildConfiguration;
			buildSettings = {
				ALWAYS_SEARCH_USER_PATHS = NO;
				CLANG_ENABLE_MODULES = YES;
				CLANG_ENABLE_OBJC_ARC = YES;
				CLANG_ENABLE_OBJC_WEAK = YES;
				CLANG_WARN_DOCUMENTATION_COMMENTS = YES;
				COPY_PHASE_STRIP = NO;
				DEBUG_INFORMATION_FORMAT = dwarf;
				ENABLE_STRICT_OBJC_MSGSEND = YES;
				GCC_C_LANGUAGE_STANDARD = gnu17;
				GCC_NO_COMMON_BLOCKS = YES;
				GCC_WARN_64_TO_32_BIT_CONVERSION = YES;
				GCC_WARN_ABOUT_RETURN_TYPE = YES_ERROR;
				GCC_WARN_UNDECLARED_SELECTOR = YES;
				GCC_WARN_UNINITIALIZED_AUTOS = YES_AGGRESSIVE;
				GCC_WARN_UNUSED_FUNCTION = YES;
				GCC_WARN_UNUSED_VARIABLE = YES;
				IPHONEOS_DEPLOYMENT_TARGET = 17.0;
				MTL_ENABLE_DEBUG_INFO = INCLUDE_SOURCE;
				SDKROOT = iphoneos;
				SWIFT_ACTIVE_COMPILATION_CONDITIONS = "DEBUG $(inherited)";
			};
			name = Debug;
		};
		A10000090000000000000002 /* Release */ = {
			isa = XCBuildConfiguration;
			buildSettings = {
				ALWAYS_SEARCH_USER_PATHS = NO;
				CLANG_ENABLE_MODULES = YES;
				CLANG_ENABLE_OBJC_ARC = YES;
				CLANG_ENABLE_OBJC_WEAK = YES;
				CLANG_WARN_DOCUMENTATION_COMMENTS = YES;
				COPY_PHASE_STRIP = NO;
				DEBUG_INFORMATION_FORMAT = "dwarf-with-dsym";
				ENABLE_NS_ASSERTIONS = NO;
				ENABLE_STRICT_OBJC_MSGSEND = YES;
				GCC_C_LANGUAGE_STANDARD = gnu17;
				GCC_NO_COMMON_BLOCKS = YES;
				GCC_WARN_64_TO_32_BIT_CONVERSION = YES;
				GCC_WARN_ABOUT_RETURN_TYPE = YES_ERROR;
				GCC_WARN_UNDECLARED_SELECTOR = YES;
				GCC_WARN_UNINITIALIZED_AUTOS = YES_AGGRESSIVE;
				GCC_WARN_UNUSED_FUNCTION = YES;
				GCC_WARN_UNUSED_VARIABLE = YES;
				IPHONEOS_DEPLOYMENT_TARGET = 17.0;
				MTL_ENABLE_DEBUG_INFO = NO;
				SDKROOT = iphoneos;
				SWIFT_COMPILATION_MODE = wholemodule;
				VALIDATE_PRODUCT = YES;
			};
			name = Release;
		};
		A10000090000000000000003 /* Debug */ = {
			isa = XCBuildConfiguration;
			buildSettings = {
				ASSETCATALOG_COMPILER_GENERATE_SWIFT_ASSET_SYMBOL_EXTENSIONS = YES;
				CODE_SIGN_STYLE = Automatic;
				CURRENT_PROJECT_VERSION = 1;
				DEVELOPMENT_TEAM = X29T4ZZG73;
				ENABLE_PREVIEWS = YES;
				GENERATE_INFOPLIST_FILE = YES;
				INFOPLIST_KEY_CFBundleDisplayName = "2225 Dash";
				INFOPLIST_KEY_LSApplicationCategoryType = "public.app-category.utilities";
				INFOPLIST_KEY_NSAppTransportSecurity_NSAllowsArbitraryLoadsInWebContent = YES;
				INFOPLIST_KEY_NSLocalNetworkUsageDescription = "Connect to the robot dashboard on the local field network.";
				INFOPLIST_KEY_UIApplicationSceneManifest_Generation = YES;
				INFOPLIST_KEY_UILaunchScreen_Generation = YES;
				INFOPLIST_KEY_UISupportedInterfaceOrientations_iPhone = UIInterfaceOrientationPortrait;
				LD_RUNPATH_SEARCH_PATHS = (
					"$(inherited)",
					"@executable_path/Frameworks",
				);
				MARKETING_VERSION = 1.0;
				PRODUCT_BUNDLE_IDENTIFIER = frc2225.DashboardCompanion;
				PRODUCT_NAME = "$(TARGET_NAME)";
				SDKROOT = iphoneos;
				SUPPORTED_PLATFORMS = "iphoneos iphonesimulator";
				SWIFT_EMIT_LOC_STRINGS = YES;
				SWIFT_VERSION = 5.0;
				TARGETED_DEVICE_FAMILY = 1;
			};
			name = Debug;
		};
		A10000090000000000000004 /* Release */ = {
			isa = XCBuildConfiguration;
			buildSettings = {
				ASSETCATALOG_COMPILER_GENERATE_SWIFT_ASSET_SYMBOL_EXTENSIONS = YES;
				CODE_SIGN_STYLE = Automatic;
				CURRENT_PROJECT_VERSION = 1;
				DEVELOPMENT_TEAM = X29T4ZZG73;
				ENABLE_PREVIEWS = YES;
				GENERATE_INFOPLIST_FILE = YES;
				INFOPLIST_KEY_CFBundleDisplayName = "2225 Dash";
				INFOPLIST_KEY_LSApplicationCategoryType = "public.app-category.utilities";
				INFOPLIST_KEY_NSAppTransportSecurity_NSAllowsArbitraryLoadsInWebContent = YES;
				INFOPLIST_KEY_NSLocalNetworkUsageDescription = "Connect to the robot dashboard on the local field network.";
				INFOPLIST_KEY_UIApplicationSceneManifest_Generation = YES;
				INFOPLIST_KEY_UILaunchScreen_Generation = YES;
				INFOPLIST_KEY_UISupportedInterfaceOrientations_iPhone = UIInterfaceOrientationPortrait;
				LD_RUNPATH_SEARCH_PATHS = (
					"$(inherited)",
					"@executable_path/Frameworks",
				);
				MARKETING_VERSION = 1.0;
				PRODUCT_BUNDLE_IDENTIFIER = frc2225.DashboardCompanion;
				PRODUCT_NAME = "$(TARGET_NAME)";
				SDKROOT = iphoneos;
				SUPPORTED_PLATFORMS = "iphoneos iphonesimulator";
				SWIFT_EMIT_LOC_STRINGS = YES;
				SWIFT_VERSION = 5.0;
				TARGETED_DEVICE_FAMILY = 1;
			};
			name = Release;
		};
/* End XCBuildConfiguration section */

/* Begin XCConfigurationList section */
		A10000080000000000000001 /* Build configuration list for PBXNativeTarget "DashboardCompanion" */ = {
			isa = XCConfigurationList;
			buildConfigurations = (
				A10000090000000000000003 /* Debug */,
				A10000090000000000000004 /* Release */,
			);
			defaultConfigurationIsVisible = 0;
			defaultConfigurationName = Release;
		};
		A10000080000000000000002 /* Build configuration list for PBXProject "DashboardCompanion" */ = {
			isa = XCConfigurationList;
			buildConfigurations = (
				A10000090000000000000001 /* Debug */,
				A10000090000000000000002 /* Release */,
			);
			defaultConfigurationIsVisible = 0;
			defaultConfigurationName = Release;
		};
/* End XCConfigurationList section */
	};
	rootObject = A10000070000000000000001 /* Project object */;
}
